<Solution>
  <Project Path="Laboratory_20260309/Laboratory_20260309.csproj" />
  <Project Path="Laboratory_20260323/Laboratory_20260323.csproj" Id="1fe78eee-788c-4484-830e-9fb1ea1f8582" />
  <Project Path="Laboratory_20260412/Laboratory_20260412.csproj" Id="ce34001e-c2e6-4252-b234-00289f635d91" />
</Solution>
